
Microsoft Visual Studio Solution File, Format Version 12.00
# Visual Studio Version 16
VisualStudioVersion = 16.0.36602.28
MinimumVisualStudioVersion = 10.0.40219.1
Project("{FAE04EC0-301F-11D3-BF4B-00C04F79EFBC}") = "пр3яна", "пр3яна\пр3яна.csproj", "{ECFD6E53-DA67-49E9-8B2D-A2B909575196}"
EndProject
Global
	GlobalSection(SolutionConfigurationPlatforms) = preSolution
		Debug|Any CPU = Debug|Any CPU
		Release|Any CPU = Release|Any CPU
	EndGlobalSection
	GlobalSection(ProjectConfigurationPlatforms) = postSolution
		{ECFD6E53-DA67-49E9-8B2D-A2B909575196}.Debug|Any CPU.ActiveCfg = Debug|Any CPU
		{ECFD6E53-DA67-49E9-8B2D-A2B909575196}.Debug|Any CPU.Build.0 = Debug|Any CPU
		{ECFD6E53-DA67-49E9-8B2D-A2B909575196}.Release|Any CPU.ActiveCfg = Release|Any CPU
		{ECFD6E53-DA67-49E9-8B2D-A2B909575196}.Release|Any CPU.Build.0 = Release|Any CPU
	EndGlobalSection
	GlobalSection(SolutionProperties) = preSolution
		HideSolutionNode = FALSE
	EndGlobalSection
	GlobalSection(ExtensibilityGlobals) = postSolution
		SolutionGuid = {67B6BE4C-68A6-4637-A232-D9E98D57626F}
	EndGlobalSection
EndGlobal
